
Microsoft Visual Studio Solution File, Format Version 12.00
# Visual Studio 2012
Project("{FAE04EC0-301F-11D3-BF4B-00C04F79EFBC}") = "PracticalDB_DataSelectionQuery", "PracticalDB_DataSelectionQuery\PracticalDB_DataSelectionQuery.csproj", "{7113E2D6-8D1D-46B3-8264-81771C93E70B}"
EndProject
Global
	GlobalSection(SolutionConfigurationPlatforms) = preSolution
		Debug|Any CPU = Debug|Any CPU
		Release|Any CPU = Release|Any CPU
	EndGlobalSection
	GlobalSection(ProjectConfigurationPlatforms) = postSolution
		{7113E2D6-8D1D-46B3-8264-81771C93E70B}.Debug|Any CPU.ActiveCfg = Debug|Any CPU
		{7113E2D6-8D1D-46B3-8264-81771C93E70B}.Debug|Any CPU.Build.0 = Debug|Any CPU
		{7113E2D6-8D1D-46B3-8264-81771C93E70B}.Release|Any CPU.ActiveCfg = Release|Any CPU
		{7113E2D6-8D1D-46B3-8264-81771C93E70B}.Release|Any CPU.Build.0 = Release|Any CPU
	EndGlobalSection
	GlobalSection(SolutionProperties) = preSolution
		HideSolutionNode = FALSE
	EndGlobalSection
EndGlobal
